{
  "name": "drawio-ai-kit",
  "version": "1.0.2",
  "lockfileVersion": 3,
  "requires": true,
  "packages": {
    "": {
      "name": "drawio-ai-kit",
      "version": "1.0.2",
      "license": "MIT",
      "bin": {
        "drawio-ai": "src/cli.mjs"
      },
      "engines": {
        "node": ">=18"
      }
    }
  }
}
